{
  "name": "cviceni-npmjs-galerie",
  "version": "1.0.0",
  "lockfileVersion": 1,
  "requires": true,
  "dependencies": {
    "@appnest/masonry-layout": {
      "version": "2.0.8",
      "resolved": "https://registry.npmjs.org/@appnest/masonry-layout/-/masonry-layout-2.0.8.tgz",
      "integrity": "sha512-kpUh19QrwpADbyRQdXqG3MPMYSdtLmaq45v4JSbmjGa+VU4ZMC11w7kZx18iSzPeQHAdBF+p4CVsCTgtZNll/A=="
    },
    "fslightbox": {
      "version": "3.3.0-2",
      "resolved": "https://registry.npmjs.org/fslightbox/-/fslightbox-3.3.0-2.tgz",
      "integrity": "sha512-4v69NY58bh1ekr/h9mDMd4UTWyD+LE8WaDECI7l541rEXZp4vaItlk8Kz63NphDVwfXr0dtBsqxSkjIExtH/kQ=="
    }
  }
}
